
Microsoft Visual Studio Solution File, Format Version 12.00
# Visual Studio Version 17
VisualStudioVersion = 17.7.34009.444
MinimumVisualStudioVersion = 10.0.40219.1
Project("{FAE04EC0-301F-11D3-BF4B-00C04F79EFBC}") = "Beauty_Shop_Inventory_System", "Beauty_Shop_Inventory_System\Beauty_Shop_Inventory_System.csproj", "{75190E18-09E1-4486-8AD6-E764DCDA12EC}"
EndProject
Project("{FAE04EC0-301F-11D3-BF4B-00C04F79EFBC}") = "Beauty_Shop_Inventory_System.Core", "MianLogic_ClassLibrary\Beauty_Shop_Inventory_System.Core.csproj", "{63B9CAF0-8151-45D6-9542-5D442A42337E}"
EndProject
Global
	GlobalSection(SolutionConfigurationPlatforms) = preSolution
		Debug|Any CPU = Debug|Any CPU
		Release|Any CPU = Release|Any CPU
	EndGlobalSection
	GlobalSection(ProjectConfigurationPlatforms) = postSolution
		{75190E18-09E1-4486-8AD6-E764DCDA12EC}.Debug|Any CPU.ActiveCfg = Debug|Any CPU
		{75190E18-09E1-4486-8AD6-E764DCDA12EC}.Debug|Any CPU.Build.0 = Debug|Any CPU
		{75190E18-09E1-4486-8AD6-E764DCDA12EC}.Release|Any CPU.ActiveCfg = Release|Any CPU
		{75190E18-09E1-4486-8AD6-E764DCDA12EC}.Release|Any CPU.Build.0 = Release|Any CPU
		{63B9CAF0-8151-45D6-9542-5D442A42337E}.Debug|Any CPU.ActiveCfg = Debug|Any CPU
		{63B9CAF0-8151-45D6-9542-5D442A42337E}.Debug|Any CPU.Build.0 = Debug|Any CPU
		{63B9CAF0-8151-45D6-9542-5D442A42337E}.Release|Any CPU.ActiveCfg = Release|Any CPU
		{63B9CAF0-8151-45D6-9542-5D442A42337E}.Release|Any CPU.Build.0 = Release|Any CPU
	EndGlobalSection
	GlobalSection(SolutionProperties) = preSolution
		HideSolutionNode = FALSE
	EndGlobalSection
	GlobalSection(ExtensibilityGlobals) = postSolution
		SolutionGuid = {43C3FC1E-C0FB-4FC3-BDB6-5C904A4FBAE5}
	EndGlobalSection
EndGlobal
